
Microsoft Visual Studio Solution File, Format Version 12.00
# Visual Studio Version 17
VisualStudioVersion = 17.0.31912.275
MinimumVisualStudioVersion = 10.0.40219.1
Project("{FAE04EC0-301F-11D3-BF4B-00C04F79EFBC}") = "HomeWork_19", "HomeWork_19\HomeWork_19.csproj", "{633BD222-5280-4C6B-B80B-E93268F9A9C6}"
EndProject
Global
	GlobalSection(SolutionConfigurationPlatforms) = preSolution
		Debug|Any CPU = Debug|Any CPU
		Release|Any CPU = Release|Any CPU
	EndGlobalSection
	GlobalSection(ProjectConfigurationPlatforms) = postSolution
		{633BD222-5280-4C6B-B80B-E93268F9A9C6}.Debug|Any CPU.ActiveCfg = Debug|Any CPU
		{633BD222-5280-4C6B-B80B-E93268F9A9C6}.Debug|Any CPU.Build.0 = Debug|Any CPU
		{633BD222-5280-4C6B-B80B-E93268F9A9C6}.Release|Any CPU.ActiveCfg = Release|Any CPU
		{633BD222-5280-4C6B-B80B-E93268F9A9C6}.Release|Any CPU.Build.0 = Release|Any CPU
	EndGlobalSection
	GlobalSection(SolutionProperties) = preSolution
		HideSolutionNode = FALSE
	EndGlobalSection
	GlobalSection(ExtensibilityGlobals) = postSolution
		SolutionGuid = {4083EC0C-E725-4DAF-95FD-7432A01AA322}
	EndGlobalSection
EndGlobal
