
Microsoft Visual Studio Solution File, Format Version 12.00
# Visual Studio Version 17
VisualStudioVersion = 17.2.32616.157
MinimumVisualStudioVersion = 10.0.40219.1
Project("{FAE04EC0-301F-11D3-BF4B-00C04F79EFBC}") = "HomeWork_56", "HomeWork_56\HomeWork_56.csproj", "{D9ADBF72-0196-4F50-9862-5D84BDBFEEDA}"
EndProject
Global
	GlobalSection(SolutionConfigurationPlatforms) = preSolution
		Debug|Any CPU = Debug|Any CPU
		Release|Any CPU = Release|Any CPU
	EndGlobalSection
	GlobalSection(ProjectConfigurationPlatforms) = postSolution
		{D9ADBF72-0196-4F50-9862-5D84BDBFEEDA}.Debug|Any CPU.ActiveCfg = Debug|Any CPU
		{D9ADBF72-0196-4F50-9862-5D84BDBFEEDA}.Debug|Any CPU.Build.0 = Debug|Any CPU
		{D9ADBF72-0196-4F50-9862-5D84BDBFEEDA}.Release|Any CPU.ActiveCfg = Release|Any CPU
		{D9ADBF72-0196-4F50-9862-5D84BDBFEEDA}.Release|Any CPU.Build.0 = Release|Any CPU
	EndGlobalSection
	GlobalSection(SolutionProperties) = preSolution
		HideSolutionNode = FALSE
	EndGlobalSection
	GlobalSection(ExtensibilityGlobals) = postSolution
		SolutionGuid = {D479B96E-0E0E-4BA3-AA55-F8AC39843BBE}
	EndGlobalSection
EndGlobal
