
Microsoft Visual Studio Solution File, Format Version 12.00
# Visual Studio Version 17
VisualStudioVersion = 17.0.31912.275
MinimumVisualStudioVersion = 10.0.40219.1
Project("{FAE04EC0-301F-11D3-BF4B-00C04F79EFBC}") = "HomeWork_25", "HomeWork_25\HomeWork_25.csproj", "{720B2C96-0AC5-4977-87AB-3D5A41A56798}"
EndProject
Global
	GlobalSection(SolutionConfigurationPlatforms) = preSolution
		Debug|Any CPU = Debug|Any CPU
		Release|Any CPU = Release|Any CPU
	EndGlobalSection
	GlobalSection(ProjectConfigurationPlatforms) = postSolution
		{720B2C96-0AC5-4977-87AB-3D5A41A56798}.Debug|Any CPU.ActiveCfg = Debug|Any CPU
		{720B2C96-0AC5-4977-87AB-3D5A41A56798}.Debug|Any CPU.Build.0 = Debug|Any CPU
		{720B2C96-0AC5-4977-87AB-3D5A41A56798}.Release|Any CPU.ActiveCfg = Release|Any CPU
		{720B2C96-0AC5-4977-87AB-3D5A41A56798}.Release|Any CPU.Build.0 = Release|Any CPU
	EndGlobalSection
	GlobalSection(SolutionProperties) = preSolution
		HideSolutionNode = FALSE
	EndGlobalSection
	GlobalSection(ExtensibilityGlobals) = postSolution
		SolutionGuid = {0D83D974-1A05-4E89-956F-171572D1B8E7}
	EndGlobalSection
EndGlobal
