
Microsoft Visual Studio Solution File, Format Version 12.00
# Visual Studio Version 17
VisualStudioVersion = 17.0.31912.275
MinimumVisualStudioVersion = 10.0.40219.1
Project("{FAE04EC0-301F-11D3-BF4B-00C04F79EFBC}") = "HomeWork_4", "HomeWork_4\HomeWork_4.csproj", "{853BEEFA-5F39-4DF6-9E9C-D1C7FD4AC601}"
EndProject
Global
	GlobalSection(SolutionConfigurationPlatforms) = preSolution
		Debug|Any CPU = Debug|Any CPU
		Release|Any CPU = Release|Any CPU
	EndGlobalSection
	GlobalSection(ProjectConfigurationPlatforms) = postSolution
		{853BEEFA-5F39-4DF6-9E9C-D1C7FD4AC601}.Debug|Any CPU.ActiveCfg = Debug|Any CPU
		{853BEEFA-5F39-4DF6-9E9C-D1C7FD4AC601}.Debug|Any CPU.Build.0 = Debug|Any CPU
		{853BEEFA-5F39-4DF6-9E9C-D1C7FD4AC601}.Release|Any CPU.ActiveCfg = Release|Any CPU
		{853BEEFA-5F39-4DF6-9E9C-D1C7FD4AC601}.Release|Any CPU.Build.0 = Release|Any CPU
	EndGlobalSection
	GlobalSection(SolutionProperties) = preSolution
		HideSolutionNode = FALSE
	EndGlobalSection
	GlobalSection(ExtensibilityGlobals) = postSolution
		SolutionGuid = {D2D5F002-251A-4B1A-8D13-B3DE9441C635}
	EndGlobalSection
EndGlobal
