
Microsoft Visual Studio Solution File, Format Version 12.00
# Visual Studio Version 17
VisualStudioVersion = 17.2.32616.157
MinimumVisualStudioVersion = 10.0.40219.1
Project("{FAE04EC0-301F-11D3-BF4B-00C04F79EFBC}") = "HomeWork_47", "HomeWork_47\HomeWork_47.csproj", "{18A020BB-A396-49EF-8FA7-4D1FBDDE968D}"
EndProject
Global
	GlobalSection(SolutionConfigurationPlatforms) = preSolution
		Debug|Any CPU = Debug|Any CPU
		Release|Any CPU = Release|Any CPU
	EndGlobalSection
	GlobalSection(ProjectConfigurationPlatforms) = postSolution
		{18A020BB-A396-49EF-8FA7-4D1FBDDE968D}.Debug|Any CPU.ActiveCfg = Debug|Any CPU
		{18A020BB-A396-49EF-8FA7-4D1FBDDE968D}.Debug|Any CPU.Build.0 = Debug|Any CPU
		{18A020BB-A396-49EF-8FA7-4D1FBDDE968D}.Release|Any CPU.ActiveCfg = Release|Any CPU
		{18A020BB-A396-49EF-8FA7-4D1FBDDE968D}.Release|Any CPU.Build.0 = Release|Any CPU
	EndGlobalSection
	GlobalSection(SolutionProperties) = preSolution
		HideSolutionNode = FALSE
	EndGlobalSection
	GlobalSection(ExtensibilityGlobals) = postSolution
		SolutionGuid = {98CE4F29-38C4-4394-8B52-13E6C3A8A7D7}
	EndGlobalSection
EndGlobal
