
Microsoft Visual Studio Solution File, Format Version 12.00
# Visual Studio Version 17
VisualStudioVersion = 17.0.31912.275
MinimumVisualStudioVersion = 10.0.40219.1
Project("{FAE04EC0-301F-11D3-BF4B-00C04F79EFBC}") = "HomeWork_27", "HomeWork_27\HomeWork_27.csproj", "{2E6AFC86-4CA4-45E5-83C6-3803575D759A}"
EndProject
Global
	GlobalSection(SolutionConfigurationPlatforms) = preSolution
		Debug|Any CPU = Debug|Any CPU
		Release|Any CPU = Release|Any CPU
	EndGlobalSection
	GlobalSection(ProjectConfigurationPlatforms) = postSolution
		{2E6AFC86-4CA4-45E5-83C6-3803575D759A}.Debug|Any CPU.ActiveCfg = Debug|Any CPU
		{2E6AFC86-4CA4-45E5-83C6-3803575D759A}.Debug|Any CPU.Build.0 = Debug|Any CPU
		{2E6AFC86-4CA4-45E5-83C6-3803575D759A}.Release|Any CPU.ActiveCfg = Release|Any CPU
		{2E6AFC86-4CA4-45E5-83C6-3803575D759A}.Release|Any CPU.Build.0 = Release|Any CPU
	EndGlobalSection
	GlobalSection(SolutionProperties) = preSolution
		HideSolutionNode = FALSE
	EndGlobalSection
	GlobalSection(ExtensibilityGlobals) = postSolution
		SolutionGuid = {01FA4B7D-8867-402A-92FB-2A902E923D45}
	EndGlobalSection
EndGlobal
