
Microsoft Visual Studio Solution File, Format Version 12.00
# Visual Studio Version 17
VisualStudioVersion = 17.0.31912.275
MinimumVisualStudioVersion = 10.0.40219.1
Project("{FAE04EC0-301F-11D3-BF4B-00C04F79EFBC}") = "HomeWork_34", "HomeWork_34\HomeWork_34.csproj", "{34E1EE89-7ED1-417A-BFF6-2E86B3DD69AF}"
EndProject
Global
	GlobalSection(SolutionConfigurationPlatforms) = preSolution
		Debug|Any CPU = Debug|Any CPU
		Release|Any CPU = Release|Any CPU
	EndGlobalSection
	GlobalSection(ProjectConfigurationPlatforms) = postSolution
		{34E1EE89-7ED1-417A-BFF6-2E86B3DD69AF}.Debug|Any CPU.ActiveCfg = Debug|Any CPU
		{34E1EE89-7ED1-417A-BFF6-2E86B3DD69AF}.Debug|Any CPU.Build.0 = Debug|Any CPU
		{34E1EE89-7ED1-417A-BFF6-2E86B3DD69AF}.Release|Any CPU.ActiveCfg = Release|Any CPU
		{34E1EE89-7ED1-417A-BFF6-2E86B3DD69AF}.Release|Any CPU.Build.0 = Release|Any CPU
	EndGlobalSection
	GlobalSection(SolutionProperties) = preSolution
		HideSolutionNode = FALSE
	EndGlobalSection
	GlobalSection(ExtensibilityGlobals) = postSolution
		SolutionGuid = {91BC73D0-623E-48F7-9051-487C661A8B49}
	EndGlobalSection
EndGlobal
