
Microsoft Visual Studio Solution File, Format Version 12.00
# Visual Studio Version 17
VisualStudioVersion = 17.2.32616.157
MinimumVisualStudioVersion = 10.0.40219.1
Project("{FAE04EC0-301F-11D3-BF4B-00C04F79EFBC}") = "HomeWork_64", "HomeWork_64\HomeWork_64.csproj", "{AA3A7E39-5958-4EF2-93EA-A4A4B2FA31F5}"
EndProject
Global
	GlobalSection(SolutionConfigurationPlatforms) = preSolution
		Debug|Any CPU = Debug|Any CPU
		Release|Any CPU = Release|Any CPU
	EndGlobalSection
	GlobalSection(ProjectConfigurationPlatforms) = postSolution
		{AA3A7E39-5958-4EF2-93EA-A4A4B2FA31F5}.Debug|Any CPU.ActiveCfg = Debug|Any CPU
		{AA3A7E39-5958-4EF2-93EA-A4A4B2FA31F5}.Debug|Any CPU.Build.0 = Debug|Any CPU
		{AA3A7E39-5958-4EF2-93EA-A4A4B2FA31F5}.Release|Any CPU.ActiveCfg = Release|Any CPU
		{AA3A7E39-5958-4EF2-93EA-A4A4B2FA31F5}.Release|Any CPU.Build.0 = Release|Any CPU
	EndGlobalSection
	GlobalSection(SolutionProperties) = preSolution
		HideSolutionNode = FALSE
	EndGlobalSection
	GlobalSection(ExtensibilityGlobals) = postSolution
		SolutionGuid = {8CD25696-0177-4E2D-A1F2-29D35CF9674E}
	EndGlobalSection
EndGlobal
